
Microsoft Visual Studio Solution File, Format Version 12.00
# Visual Studio Version 16
VisualStudioVersion = 25.0.1706.14
MinimumVisualStudioVersion = 10.0.40219.1
Project("{FAE04EC0-301F-11D3-BF4B-00C04F79EFBC}") = "Operadores y tipos de datos", "Operadores y tipos de datos\Operadores y tipos de datos.csproj", "{625421DF-3379-4BDE-BD7A-8EEA26A5DBE3}"
EndProject
Global
	GlobalSection(SolutionConfigurationPlatforms) = preSolution
		Debug|Any CPU = Debug|Any CPU
		Release|Any CPU = Release|Any CPU
	EndGlobalSection
	GlobalSection(ProjectConfigurationPlatforms) = postSolution
		{625421DF-3379-4BDE-BD7A-8EEA26A5DBE3}.Debug|Any CPU.ActiveCfg = Debug|Any CPU
		{625421DF-3379-4BDE-BD7A-8EEA26A5DBE3}.Debug|Any CPU.Build.0 = Debug|Any CPU
		{625421DF-3379-4BDE-BD7A-8EEA26A5DBE3}.Release|Any CPU.ActiveCfg = Release|Any CPU
		{625421DF-3379-4BDE-BD7A-8EEA26A5DBE3}.Release|Any CPU.Build.0 = Release|Any CPU
	EndGlobalSection
	GlobalSection(SolutionProperties) = preSolution
		HideSolutionNode = FALSE
	EndGlobalSection
	GlobalSection(ExtensibilityGlobals) = postSolution
		SolutionGuid = {94EF6CD7-B2C8-45D2-A0AB-CBA4F78E83A1}
	EndGlobalSection
EndGlobal
